
Microsoft Visual Studio Solution File, Format Version 12.00
# Visual Studio Version 16
VisualStudioVersion = 16.0.30907.101
MinimumVisualStudioVersion = 10.0.40219.1
Project("{FAE04EC0-301F-11D3-BF4B-00C04F79EFBC}") = "PatternMatching", "PatternMatching.csproj", "{D737143B-1C2A-42F9-8253-D799251673F0}"
EndProject
Global
	GlobalSection(SolutionConfigurationPlatforms) = preSolution
		Debug|Any CPU = Debug|Any CPU
		Release|Any CPU = Release|Any CPU
	EndGlobalSection
	GlobalSection(ProjectConfigurationPlatforms) = postSolution
		{D737143B-1C2A-42F9-8253-D799251673F0}.Debug|Any CPU.ActiveCfg = Debug|Any CPU
		{D737143B-1C2A-42F9-8253-D799251673F0}.Debug|Any CPU.Build.0 = Debug|Any CPU
		{D737143B-1C2A-42F9-8253-D799251673F0}.Release|Any CPU.ActiveCfg = Release|Any CPU
		{D737143B-1C2A-42F9-8253-D799251673F0}.Release|Any CPU.Build.0 = Release|Any CPU
	EndGlobalSection
	GlobalSection(SolutionProperties) = preSolution
		HideSolutionNode = FALSE
	EndGlobalSection
	GlobalSection(ExtensibilityGlobals) = postSolution
		SolutionGuid = {32C00BA9-B559-4A9F-8754-AC406D97D75D}
	EndGlobalSection
EndGlobal
